// !$*UTF8*$!
{
	archiveVersion = 1;
	classes = {
	};
	objectVersion = 55;
	objects = {

/* Begin PBXBuildFile section */
		375CF9ED283D429200B80FA9 /* CryptoTrackerApp.swift in Sources */ = {isa = PBXBuildFile; fileRef = 375CF9DD283D429000B80FA9 /* CryptoTrackerApp.swift */; };
		375CF9EE283D429200B80FA9 /* CryptoTrackerApp.swift in Sources */ = {isa = PBXBuildFile; fileRef = 375CF9DD283D429000B80FA9 /* CryptoTrackerApp.swift */; };
		375CF9EF283D429200B80FA9 /* MainView.swift in Sources */ = {isa = PBXBuildFile; fileRef = 375CF9DE283D429000B80FA9 /* MainView.swift */; };
		375CF9F0283D429200B80FA9 /* MainView.swift in Sources */ = {isa = PBXBuildFile; fileRef = 375CF9DE283D429000B80FA9 /* MainView.swift */; };
		375CF9F1283D429200B80FA9 /* Assets.xcassets in Resources */ = {isa = PBXBuildFile; fileRef = 375CF9DF283D429200B80FA9 /* Assets.xcassets */; };
		375CF9F2283D429200B80FA9 /* Assets.xcassets in Resources */ = {isa = PBXBuildFile; fileRef = 375CF9DF283D429200B80FA9 /* Assets.xcassets */; };
		375CF9FF283D42F800B80FA9 /* Coin.swift in Sources */ = {isa = PBXBuildFile; fileRef = 375CF9FE283D42F700B80FA9 /* Coin.swift */; };
		375CFA02283D445A00B80FA9 /* CryptoService.swift in Sources */ = {isa = PBXBuildFile; fileRef = 375CFA01283D445A00B80FA9 /* CryptoService.swift */; };
		375CFA0D283E207D00B80FA9 /* String+Extensions.swift in Sources */ = {isa = PBXBuildFile; fileRef = 375CFA0C283E207D00B80FA9 /* String+Extensions.swift */; };
		375CFA10283E21DD00B80FA9 /* Coin.swift in Sources */ = {isa = PBXBuildFile; fileRef = 375CF9FE283D42F700B80FA9 /* Coin.swift */; };
		375CFA12283E21E600B80FA9 /* String+Extensions.swift in Sources */ = {isa = PBXBuildFile; fileRef = 375CFA0C283E207D00B80FA9 /* String+Extensions.swift */; };
		375CFA13283E21E800B80FA9 /* CryptoService.swift in Sources */ = {isa = PBXBuildFile; fileRef = 375CFA01283D445A00B80FA9 /* CryptoService.swift */; };
		375CFA17283E391A00B80FA9 /* CoinListViewModel.swift in Sources */ = {isa = PBXBuildFile; fileRef = 375CFA16283E391A00B80FA9 /* CoinListViewModel.swift */; };
		375CFA18283E391A00B80FA9 /* CoinListViewModel.swift in Sources */ = {isa = PBXBuildFile; fileRef = 375CFA16283E391A00B80FA9 /* CoinListViewModel.swift */; };
		375CFA1B283E393F00B80FA9 /* CoinListView.swift in Sources */ = {isa = PBXBuildFile; fileRef = 375CFA19283E393F00B80FA9 /* CoinListView.swift */; };
		375CFA1D283E395200B80FA9 /* CoinView.swift in Sources */ = {isa = PBXBuildFile; fileRef = 375CFA1C283E395200B80FA9 /* CoinView.swift */; };
		375CFA1E283E395200B80FA9 /* CoinView.swift in Sources */ = {isa = PBXBuildFile; fileRef = 375CFA1C283E395200B80FA9 /* CoinView.swift */; };
		375CFA47283E404800B80FA9 /* CoinDetailView.swift in Sources */ = {isa = PBXBuildFile; fileRef = 375CFA46283E404800B80FA9 /* CoinDetailView.swift */; };
		375CFA48283E404800B80FA9 /* CoinDetailView.swift in Sources */ = {isa = PBXBuildFile; fileRef = 375CFA46283E404800B80FA9 /* CoinDetailView.swift */; };
		375CFA592840B78400B80FA9 /* CoinChartView.swift in Sources */ = {isa = PBXBuildFile; fileRef = 375CFA582840B78400B80FA9 /* CoinChartView.swift */; };
		375CFA5A2840B78400B80FA9 /* CoinChartView.swift in Sources */ = {isa = PBXBuildFile; fileRef = 375CFA582840B78400B80FA9 /* CoinChartView.swift */; };
		375CFA5C28410D9700B80FA9 /* InfoView.swift in Sources */ = {isa = PBXBuildFile; fileRef = 375CFA5B28410D9700B80FA9 /* InfoView.swift */; };
		375CFA5D28410D9700B80FA9 /* InfoView.swift in Sources */ = {isa = PBXBuildFile; fileRef = 375CFA5B28410D9700B80FA9 /* InfoView.swift */; };
		375CFA5F28410ED000B80FA9 /* GlobalInfo.swift in Sources */ = {isa = PBXBuildFile; fileRef = 375CFA5E28410ED000B80FA9 /* GlobalInfo.swift */; };
		375CFA6028410ED000B80FA9 /* GlobalInfo.swift in Sources */ = {isa = PBXBuildFile; fileRef = 375CFA5E28410ED000B80FA9 /* GlobalInfo.swift */; };
		375CFA622841102300B80FA9 /* InfoViewModel.swift in Sources */ = {isa = PBXBuildFile; fileRef = 375CFA612841102300B80FA9 /* InfoViewModel.swift */; };
		375CFA632841102300B80FA9 /* InfoViewModel.swift in Sources */ = {isa = PBXBuildFile; fileRef = 375CFA612841102300B80FA9 /* InfoViewModel.swift */; };
		375CFA642844E6BB00B80FA9 /* CoinListView.swift in Sources */ = {isa = PBXBuildFile; fileRef = 375CFA19283E393F00B80FA9 /* CoinListView.swift */; };
/* End PBXBuildFile section */

/* Begin PBXFileReference section */
		375CF9DD283D429000B80FA9 /* CryptoTrackerApp.swift */ = {isa = PBXFileReference; lastKnownFileType = sourcecode.swift; path = CryptoTrackerApp.swift; sourceTree = "<group>"; };
		375CF9DE283D429000B80FA9 /* MainView.swift */ = {isa = PBXFileReference; lastKnownFileType = sourcecode.swift; path = MainView.swift; sourceTree = "<group>"; };
		375CF9DF283D429200B80FA9 /* Assets.xcassets */ = {isa = PBXFileReference; lastKnownFileType = folder.assetcatalog; path = Assets.xcassets; sourceTree = "<group>"; };
		375CF9E4283D429200B80FA9 /* CryptoTracker.app */ = {isa = PBXFileReference; explicitFileType = wrapper.application; includeInIndex = 0; path = CryptoTracker.app; sourceTree = BUILT_PRODUCTS_DIR; };
		375CF9EA283D429200B80FA9 /* CryptoTracker.app */ = {isa = PBXFileReference; explicitFileType = wrapper.application; includeInIndex = 0; path = CryptoTracker.app; sourceTree = BUILT_PRODUCTS_DIR; };
		375CF9EC283D429200B80FA9 /* macOS.entitlements */ = {isa = PBXFileReference; lastKnownFileType = text.plist.entitlements; path = macOS.entitlements; sourceTree = "<group>"; };
		375CF9FE283D42F700B80FA9 /* Coin.swift */ = {isa = PBXFileReference; lastKnownFileType = sourcecode.swift; path = Coin.swift; sourceTree = "<group>"; };
		375CFA01283D445A00B80FA9 /* CryptoService.swift */ = {isa = PBXFileReference; lastKnownFileType = sourcecode.swift; path = CryptoService.swift; sourceTree = "<group>"; };
		375CFA0C283E207D00B80FA9 /* String+Extensions.swift */ = {isa = PBXFileReference; lastKnownFileType = sourcecode.swift; path = "String+Extensions.swift"; sourceTree = "<group>"; };
		375CFA16283E391A00B80FA9 /* CoinListViewModel.swift */ = {isa = PBXFileReference; lastKnownFileType = sourcecode.swift; path = CoinListViewModel.swift; sourceTree = "<group>"; };
		375CFA19283E393F00B80FA9 /* CoinListView.swift */ = {isa = PBXFileReference; lastKnownFileType = sourcecode.swift; path = CoinListView.swift; sourceTree = "<group>"; };
		375CFA1C283E395200B80FA9 /* CoinView.swift */ = {isa = PBXFileReference; lastKnownFileType = sourcecode.swift; path = CoinView.swift; sourceTree = "<group>"; };
		375CFA46283E404800B80FA9 /* CoinDetailView.swift */ = {isa = PBXFileReference; lastKnownFileType = sourcecode.swift; path = CoinDetailView.swift; sourceTree = "<group>"; };
		375CFA582840B78400B80FA9 /* CoinChartView.swift */ = {isa = PBXFileReference; lastKnownFileType = sourcecode.swift; path = CoinChartView.swift; sourceTree = "<group>"; };
		375CFA5B28410D9700B80FA9 /* InfoView.swift */ = {isa = PBXFileReference; lastKnownFileType = sourcecode.swift; path = InfoView.swift; sourceTree = "<group>"; };
		375CFA5E28410ED000B80FA9 /* GlobalInfo.swift */ = {isa = PBXFileReference; lastKnownFileType = sourcecode.swift; path = GlobalInfo.swift; sourceTree = "<group>"; };
		375CFA612841102300B80FA9 /* InfoViewModel.swift */ = {isa = PBXFileReference; lastKnownFileType = sourcecode.swift; path = InfoViewModel.swift; sourceTree = "<group>"; };
/* End PBXFileReference section */

/* Begin PBXFrameworksBuildPhase section */
		375CF9E1283D429200B80FA9 /* Frameworks */ = {
			isa = PBXFrameworksBuildPhase;
			buildActionMask = 2147483647;
			files = (
			);
			runOnlyForDeploymentPostprocessing = 0;
		};
		375CF9E7283D429200B80FA9 /* Frameworks */ = {
			isa = PBXFrameworksBuildPhase;
			buildActionMask = 2147483647;
			files = (
			);
			runOnlyForDeploymentPostprocessing = 0;
		};
/* End PBXFrameworksBuildPhase section */

/* Begin PBXGroup section */
		375CF9D7283D429000B80FA9 = {
			isa = PBXGroup;
			children = (
				375CF9DC283D429000B80FA9 /* Shared */,
				375CF9EB283D429200B80FA9 /* macOS */,
				375CF9E5283D429200B80FA9 /* Products */,
			);
			sourceTree = "<group>";
		};
		375CF9DC283D429000B80FA9 /* Shared */ = {
			isa = PBXGroup;
			children = (
				375CFA0B283E206D00B80FA9 /* Extensions */,
				375CFA08283D488300B80FA9 /* ViewModels */,
				375CFA05283D485200B80FA9 /* Views */,
				375CFA00283D444700B80FA9 /* Services */,
				375CF9FB283D429D00B80FA9 /* Models */,
				375CF9DD283D429000B80FA9 /* CryptoTrackerApp.swift */,
				375CF9DF283D429200B80FA9 /* Assets.xcassets */,
			);
			path = Shared;
			sourceTree = "<group>";
		};
		375CF9E5283D429200B80FA9 /* Products */ = {
			isa = PBXGroup;
			children = (
				375CF9E4283D429200B80FA9 /* CryptoTracker.app */,
				375CF9EA283D429200B80FA9 /* CryptoTracker.app */,
			);
			name = Products;
			sourceTree = "<group>";
		};
		375CF9EB283D429200B80FA9 /* macOS */ = {
			isa = PBXGroup;
			children = (
				375CF9EC283D429200B80FA9 /* macOS.entitlements */,
			);
			path = macOS;
			sourceTree = "<group>";
		};
		375CF9FB283D429D00B80FA9 /* Models */ = {
			isa = PBXGroup;
			children = (
				375CF9FE283D42F700B80FA9 /* Coin.swift */,
				375CFA5E28410ED000B80FA9 /* GlobalInfo.swift */,
			);
			path = Models;
			sourceTree = "<group>";
		};
		375CFA00283D444700B80FA9 /* Services */ = {
			isa = PBXGroup;
			children = (
				375CFA01283D445A00B80FA9 /* CryptoService.swift */,
			);
			path = Services;
			sourceTree = "<group>";
		};
		375CFA05283D485200B80FA9 /* Views */ = {
			isa = PBXGroup;
			children = (
				375CF9DE283D429000B80FA9 /* MainView.swift */,
				375CFA19283E393F00B80FA9 /* CoinListView.swift */,
				375CFA1C283E395200B80FA9 /* CoinView.swift */,
				375CFA46283E404800B80FA9 /* CoinDetailView.swift */,
				375CFA582840B78400B80FA9 /* CoinChartView.swift */,
				375CFA5B28410D9700B80FA9 /* InfoView.swift */,
			);
			path = Views;
			sourceTree = "<group>";
		};
		375CFA08283D488300B80FA9 /* ViewModels */ = {
			isa = PBXGroup;
			children = (
				375CFA16283E391A00B80FA9 /* CoinListViewModel.swift */,
				375CFA612841102300B80FA9 /* InfoViewModel.swift */,
			);
			path = ViewModels;
			sourceTree = "<group>";
		};
		375CFA0B283E206D00B80FA9 /* Extensions */ = {
			isa = PBXGroup;
			children = (
				375CFA0C283E207D00B80FA9 /* String+Extensions.swift */,
			);
			path = Extensions;
			sourceTree = "<group>";
		};
/* End PBXGroup section */

/* Begin PBXNativeTarget section */
		375CF9E3283D429200B80FA9 /* CryptoTracker (iOS) */ = {
			isa = PBXNativeTarget;
			buildConfigurationList = 375CF9F5283D429200B80FA9 /* Build configuration list for PBXNativeTarget "CryptoTracker (iOS)" */;
			buildPhases = (
				375CF9E0283D429200B80FA9 /* Sources */,
				375CF9E1283D429200B80FA9 /* Frameworks */,
				375CF9E2283D429200B80FA9 /* Resources */,
			);
			buildRules = (
			);
			dependencies = (
			);
			name = "CryptoTracker (iOS)";
			productName = "CryptoTracker (iOS)";
			productReference = 375CF9E4283D429200B80FA9 /* CryptoTracker.app */;
			productType = "com.apple.product-type.application";
		};
		375CF9E9283D429200B80FA9 /* CryptoTracker (macOS) */ = {
			isa = PBXNativeTarget;
			buildConfigurationList = 375CF9F8283D429200B80FA9 /* Build configuration list for PBXNativeTarget "CryptoTracker (macOS)" */;
			buildPhases = (
				375CF9E6283D429200B80FA9 /* Sources */,
				375CF9E7283D429200B80FA9 /* Frameworks */,
				375CF9E8283D429200B80FA9 /* Resources */,
			);
			buildRules = (
			);
			dependencies = (
			);
			name = "CryptoTracker (macOS)";
			productName = "CryptoTracker (macOS)";
			productReference = 375CF9EA283D429200B80FA9 /* CryptoTracker.app */;
			productType = "com.apple.product-type.application";
		};
/* End PBXNativeTarget section */

/* Begin PBXProject section */
		375CF9D8283D429000B80FA9 /* Project object */ = {
			isa = PBXProject;
			attributes = {
				BuildIndependentTargetsInParallel = 1;
				LastSwiftUpdateCheck = 1330;
				LastUpgradeCheck = 1330;
				TargetAttributes = {
					375CF9E3283D429200B80FA9 = {
						CreatedOnToolsVersion = 13.3.1;
					};
					375CF9E9283D429200B80FA9 = {
						CreatedOnToolsVersion = 13.3.1;
					};
				};
			};
			buildConfigurationList = 375CF9DB283D429000B80FA9 /* Build configuration list for PBXProject "CryptoTracker" */;
			compatibilityVersion = "Xcode 13.0";
			developmentRegion = en;
			hasScannedForEncodings = 0;
			knownRegions = (
				en,
				Base,
			);
			mainGroup = 375CF9D7283D429000B80FA9;
			productRefGroup = 375CF9E5283D429200B80FA9 /* Products */;
			projectDirPath = "";
			projectRoot = "";
			targets = (
				375CF9E3283D429200B80FA9 /* CryptoTracker (iOS) */,
				375CF9E9283D429200B80FA9 /* CryptoTracker (macOS) */,
			);
		};
/* End PBXProject section */

/* Begin PBXResourcesBuildPhase section */
		375CF9E2283D429200B80FA9 /* Resources */ = {
			isa = PBXResourcesBuildPhase;
			buildActionMask = 2147483647;
			files = (
				375CF9F1283D429200B80FA9 /* Assets.xcassets in Resources */,
			);
			runOnlyForDeploymentPostprocessing = 0;
		};
		375CF9E8283D429200B80FA9 /* Resources */ = {
			isa = PBXResourcesBuildPhase;
			buildActionMask = 2147483647;
			files = (
				375CF9F2283D429200B80FA9 /* Assets.xcassets in Resources */,
			);
			runOnlyForDeploymentPostprocessing = 0;
		};
/* End PBXResourcesBuildPhase section */

/* Begin PBXSourcesBuildPhase section */
		375CF9E0283D429200B80FA9 /* Sources */ = {
			isa = PBXSourcesBuildPhase;
			buildActionMask = 2147483647;
			files = (
				375CFA622841102300B80FA9 /* InfoViewModel.swift in Sources */,
				375CFA02283D445A00B80FA9 /* CryptoService.swift in Sources */,
				375CF9FF283D42F800B80FA9 /* Coin.swift in Sources */,
				375CFA17283E391A00B80FA9 /* CoinListViewModel.swift in Sources */,
				375CFA642844E6BB00B80FA9 /* CoinListView.swift in Sources */,
				375CF9EF283D429200B80FA9 /* MainView.swift in Sources */,
				375CFA5C28410D9700B80FA9 /* InfoView.swift in Sources */,
				375CFA47283E404800B80FA9 /* CoinDetailView.swift in Sources */,
				375CFA1D283E395200B80FA9 /* CoinView.swift in Sources */,
				375CFA0D283E207D00B80FA9 /* String+Extensions.swift in Sources */,
				375CFA592840B78400B80FA9 /* CoinChartView.swift in Sources */,
				375CFA5F28410ED000B80FA9 /* GlobalInfo.swift in Sources */,
				375CF9ED283D429200B80FA9 /* CryptoTrackerApp.swift in Sources */,
			);
			runOnlyForDeploymentPostprocessing = 0;
		};
		375CF9E6283D429200B80FA9 /* Sources */ = {
			isa = PBXSourcesBuildPhase;
			buildActionMask = 2147483647;
			files = (
				375CFA632841102300B80FA9 /* InfoViewModel.swift in Sources */,
				375CFA13283E21E800B80FA9 /* CryptoService.swift in Sources */,
				375CF9F0283D429200B80FA9 /* MainView.swift in Sources */,
				375CFA12283E21E600B80FA9 /* String+Extensions.swift in Sources */,
				375CFA18283E391A00B80FA9 /* CoinListViewModel.swift in Sources */,
				375CFA5D28410D9700B80FA9 /* InfoView.swift in Sources */,
				375CFA1B283E393F00B80FA9 /* CoinListView.swift in Sources */,
				375CFA48283E404800B80FA9 /* CoinDetailView.swift in Sources */,
				375CFA1E283E395200B80FA9 /* CoinView.swift in Sources */,
				375CF9EE283D429200B80FA9 /* CryptoTrackerApp.swift in Sources */,
				375CFA5A2840B78400B80FA9 /* CoinChartView.swift in Sources */,
				375CFA6028410ED000B80FA9 /* GlobalInfo.swift in Sources */,
				375CFA10283E21DD00B80FA9 /* Coin.swift in Sources */,
			);
			runOnlyForDeploymentPostprocessing = 0;
		};
/* End PBXSourcesBuildPhase section */

/* Begin XCBuildConfiguration section */
		375CF9F3283D429200B80FA9 /* Debug */ = {
			isa = XCBuildConfiguration;
			buildSettings = {
				ALWAYS_SEARCH_USER_PATHS = NO;
				CLANG_ANALYZER_NONNULL = YES;
				CLANG_ANALYZER_NUMBER_OBJECT_CONVERSION = YES_AGGRESSIVE;
				CLANG_CXX_LANGUAGE_STANDARD = "gnu++17";
				CLANG_ENABLE_MODULES = YES;
				CLANG_ENABLE_OBJC_ARC = YES;
				CLANG_ENABLE_OBJC_WEAK = YES;
				CLANG_WARN_BLOCK_CAPTURE_AUTORELEASING = YES;
				CLANG_WARN_BOOL_CONVERSION = YES;
				CLANG_WARN_COMMA = YES;
				CLANG_WARN_CONSTANT_CONVERSION = YES;
				CLANG_WARN_DEPRECATED_OBJC_IMPLEMENTATIONS = YES;
				CLANG_WARN_DIRECT_OBJC_ISA_USAGE = YES_ERROR;
				CLANG_WARN_DOCUMENTATION_COMMENTS = YES;
				CLANG_WARN_EMPTY_BODY = YES;
				CLANG_WARN_ENUM_CONVERSION = YES;
				CLANG_WARN_INFINITE_RECURSION = YES;
				CLANG_WARN_INT_CONVERSION = YES;
				CLANG_WARN_NON_LITERAL_NULL_CONVERSION = YES;
				CLANG_WARN_OBJC_IMPLICIT_RETAIN_SELF = YES;
				CLANG_WARN_OBJC_LITERAL_CONVERSION = YES;
				CLANG_WARN_OBJC_ROOT_CLASS = YES_ERROR;
				CLANG_WARN_QUOTED_INCLUDE_IN_FRAMEWORK_HEADER = YES;
				CLANG_WARN_RANGE_LOOP_ANALYSIS = YES;
				CLANG_WARN_STRICT_PROTOTYPES = YES;
				CLANG_WARN_SUSPICIOUS_MOVE = YES;
				CLANG_WARN_UNGUARDED_AVAILABILITY = YES_AGGRESSIVE;
				CLANG_WARN_UNREACHABLE_CODE = YES;
				CLANG_WARN__DUPLICATE_METHOD_MATCH = YES;
				COPY_PHASE_STRIP = NO;
				DEBUG_INFORMATION_FORMAT = dwarf;
				ENABLE_STRICT_OBJC_MSGSEND = YES;
				ENABLE_TESTABILITY = YES;
				GCC_C_LANGUAGE_STANDARD = gnu11;
				GCC_DYNAMIC_NO_PIC = NO;
				GCC_NO_COMMON_BLOCKS = YES;
				GCC_OPTIMIZATION_LEVEL = 0;
				GCC_PREPROCESSOR_DEFINITIONS = (
					"DEBUG=1",
					"$(inherited)",
				);
				GCC_WARN_64_TO_32_BIT_CONVERSION = YES;
				GCC_WARN_ABOUT_RETURN_TYPE = YES_ERROR;
				GCC_WARN_UNDECLARED_SELECTOR = YES;
				GCC_WARN_UNINITIALIZED_AUTOS = YES_AGGRESSIVE;
				GCC_WARN_UNUSED_FUNCTION = YES;
				GCC_WARN_UNUSED_VARIABLE = YES;
				MTL_ENABLE_DEBUG_INFO = INCLUDE_SOURCE;
				MTL_FAST_MATH = YES;
				ONLY_ACTIVE_ARCH = YES;
				SWIFT_ACTIVE_COMPILATION_CONDITIONS = DEBUG;
				SWIFT_OPTIMIZATION_LEVEL = "-Onone";
			};
			name = Debug;
		};
		375CF9F4283D429200B80FA9 /* Release */ = {
			isa = XCBuildConfiguration;
			buildSettings = {
				ALWAYS_SEARCH_USER_PATHS = NO;
				CLANG_ANALYZER_NONNULL = YES;
				CLANG_ANALYZER_NUMBER_OBJECT_CONVERSION = YES_AGGRESSIVE;
				CLANG_CXX_LANGUAGE_STANDARD = "gnu++17";
				CLANG_ENABLE_MODULES = YES;
				CLANG_ENABLE_OBJC_ARC = YES;
				CLANG_ENABLE_OBJC_WEAK = YES;
				CLANG_WARN_BLOCK_CAPTURE_AUTORELEASING = YES;
				CLANG_WARN_BOOL_CONVERSION = YES;
				CLANG_WARN_COMMA = YES;
				CLANG_WARN_CONSTANT_CONVERSION = YES;
				CLANG_WARN_DEPRECATED_OBJC_IMPLEMENTATIONS = YES;
				CLANG_WARN_DIRECT_OBJC_ISA_USAGE = YES_ERROR;
				CLANG_WARN_DOCUMENTATION_COMMENTS = YES;
				CLANG_WARN_EMPTY_BODY = YES;
				CLANG_WARN_ENUM_CONVERSION = YES;
				CLANG_WARN_INFINITE_RECURSION = YES;
				CLANG_WARN_INT_CONVERSION = YES;
				CLANG_WARN_NON_LITERAL_NULL_CONVERSION = YES;
				CLANG_WARN_OBJC_IMPLICIT_RETAIN_SELF = YES;
				CLANG_WARN_OBJC_LITERAL_CONVERSION = YES;
				CLANG_WARN_OBJC_ROOT_CLASS = YES_ERROR;
				CLANG_WARN_QUOTED_INCLUDE_IN_FRAMEWORK_HEADER = YES;
				CLANG_WARN_RANGE_LOOP_ANALYSIS = YES;
				CLANG_WARN_STRICT_PROTOTYPES = YES;
				CLANG_WARN_SUSPICIOUS_MOVE = YES;
				CLANG_WARN_UNGUARDED_AVAILABILITY = YES_AGGRESSIVE;
				CLANG_WARN_UNREACHABLE_CODE = YES;
				CLANG_WARN__DUPLICATE_METHOD_MATCH = YES;
				COPY_PHASE_STRIP = NO;
				DEBUG_INFORMATION_FORMAT = "dwarf-with-dsym";
				ENABLE_NS_ASSERTIONS = NO;
				ENABLE_STRICT_OBJC_MSGSEND = YES;
				GCC_C_LANGUAGE_STANDARD = gnu11;
				GCC_NO_COMMON_BLOCKS = YES;
				GCC_WARN_64_TO_32_BIT_CONVERSION = YES;
				GCC_WARN_ABOUT_RETURN_TYPE = YES_ERROR;
				GCC_WARN_UNDECLARED_SELECTOR = YES;
				GCC_WARN_UNINITIALIZED_AUTOS = YES_AGGRESSIVE;
				GCC_WARN_UNUSED_FUNCTION = YES;
				GCC_WARN_UNUSED_VARIABLE = YES;
				MTL_ENABLE_DEBUG_INFO = NO;
				MTL_FAST_MATH = YES;
				SWIFT_COMPILATION_MODE = wholemodule;
				SWIFT_OPTIMIZATION_LEVEL = "-O";
			};
			name = Release;
		};
		375CF9F6283D429200B80FA9 /* Debug */ = {
			isa = XCBuildConfiguration;
			buildSettings = {
				ASSETCATALOG_COMPILER_APPICON_NAME = AppIcon;
				ASSETCATALOG_COMPILER_GLOBAL_ACCENT_COLOR_NAME = AccentColor;
				CODE_SIGN_STYLE = Automatic;
				CURRENT_PROJECT_VERSION = 1;
				DEVELOPMENT_TEAM = 4B76WUX67Y;
				ENABLE_PREVIEWS = YES;
				GENERATE_INFOPLIST_FILE = YES;
				INFOPLIST_KEY_UIApplicationSceneManifest_Generation = YES;
				INFOPLIST_KEY_UIApplicationSupportsIndirectInputEvents = YES;
				INFOPLIST_KEY_UILaunchScreen_Generation = YES;
				INFOPLIST_KEY_UISupportedInterfaceOrientations_iPad = "UIInterfaceOrientationPortrait UIInterfaceOrientationPortraitUpsideDown UIInterfaceOrientationLandscapeLeft UIInterfaceOrientationLandscapeRight";
				INFOPLIST_KEY_UISupportedInterfaceOrientations_iPhone = "UIInterfaceOrientationPortrait UIInterfaceOrientationLandscapeLeft UIInterfaceOrientationLandscapeRight";
				IPHONEOS_DEPLOYMENT_TARGET = 15.4;
				LD_RUNPATH_SEARCH_PATHS = (
					"$(inherited)",
					"@executable_path/Frameworks",
				);
				MARKETING_VERSION = 1.0;
				PRODUCT_BUNDLE_IDENTIFIER = com.kamilskrzynski.CryptoTracker;
				PRODUCT_NAME = CryptoTracker;
				SDKROOT = iphoneos;
				SWIFT_EMIT_LOC_STRINGS = YES;
				SWIFT_VERSION = 5.0;
				TARGETED_DEVICE_FAMILY = "1,2";
			};
			name = Debug;
		};
		375CF9F7283D429200B80FA9 /* Release */ = {
			isa = XCBuildConfiguration;
			buildSettings = {
				ASSETCATALOG_COMPILER_APPICON_NAME = AppIcon;
				ASSETCATALOG_COMPILER_GLOBAL_ACCENT_COLOR_NAME = AccentColor;
				CODE_SIGN_STYLE = Automatic;
				CURRENT_PROJECT_VERSION = 1;
				DEVELOPMENT_TEAM = 4B76WUX67Y;
				ENABLE_PREVIEWS = YES;
				GENERATE_INFOPLIST_FILE = YES;
				INFOPLIST_KEY_UIApplicationSceneManifest_Generation = YES;
				INFOPLIST_KEY_UIApplicationSupportsIndirectInputEvents = YES;
				INFOPLIST_KEY_UILaunchScreen_Generation = YES;
				INFOPLIST_KEY_UISupportedInterfaceOrientations_iPad = "UIInterfaceOrientationPortrait UIInterfaceOrientationPortraitUpsideDown UIInterfaceOrientationLandscapeLeft UIInterfaceOrientationLandscapeRight";
				INFOPLIST_KEY_UISupportedInterfaceOrientations_iPhone = "UIInterfaceOrientationPortrait UIInterfaceOrientationLandscapeLeft UIInterfaceOrientationLandscapeRight";
				IPHONEOS_DEPLOYMENT_TARGET = 15.4;
				LD_RUNPATH_SEARCH_PATHS = (
					"$(inherited)",
					"@executable_path/Frameworks",
				);
				MARKETING_VERSION = 1.0;
				PRODUCT_BUNDLE_IDENTIFIER = com.kamilskrzynski.CryptoTracker;
				PRODUCT_NAME = CryptoTracker;
				SDKROOT = iphoneos;
				SWIFT_EMIT_LOC_STRINGS = YES;
				SWIFT_VERSION = 5.0;
				TARGETED_DEVICE_FAMILY = "1,2";
				VALIDATE_PRODUCT = YES;
			};
			name = Release;
		};
		375CF9F9283D429200B80FA9 /* Debug */ = {
			isa = XCBuildConfiguration;
			buildSettings = {
				ASSETCATALOG_COMPILER_APPICON_NAME = AppIcon;
				ASSETCATALOG_COMPILER_GLOBAL_ACCENT_COLOR_NAME = AccentColor;
				CODE_SIGN_ENTITLEMENTS = macOS/macOS.entitlements;
				CODE_SIGN_STYLE = Automatic;
				COMBINE_HIDPI_IMAGES = YES;
				CURRENT_PROJECT_VERSION = 1;
				DEVELOPMENT_TEAM = 4B76WUX67Y;
				ENABLE_HARDENED_RUNTIME = YES;
				ENABLE_PREVIEWS = YES;
				GENERATE_INFOPLIST_FILE = YES;
				INFOPLIST_KEY_NSHumanReadableCopyright = "";
				LD_RUNPATH_SEARCH_PATHS = (
					"$(inherited)",
					"@executable_path/../Frameworks",
				);
				MACOSX_DEPLOYMENT_TARGET = 12.0;
				MARKETING_VERSION = 1.0;
				PRODUCT_BUNDLE_IDENTIFIER = com.kamilskrzynski.CryptoTracker;
				PRODUCT_NAME = CryptoTracker;
				SDKROOT = macosx;
				SWIFT_EMIT_LOC_STRINGS = YES;
				SWIFT_VERSION = 5.0;
			};
			name = Debug;
		};
		375CF9FA283D429200B80FA9 /* Release */ = {
			isa = XCBuildConfiguration;
			buildSettings = {
				ASSETCATALOG_COMPILER_APPICON_NAME = AppIcon;
				ASSETCATALOG_COMPILER_GLOBAL_ACCENT_COLOR_NAME = AccentColor;
				CODE_SIGN_ENTITLEMENTS = macOS/macOS.entitlements;
				CODE_SIGN_STYLE = Automatic;
				COMBINE_HIDPI_IMAGES = YES;
				CURRENT_PROJECT_VERSION = 1;
				DEVELOPMENT_TEAM = 4B76WUX67Y;
				ENABLE_HARDENED_RUNTIME = YES;
				ENABLE_PREVIEWS = YES;
				GENERATE_INFOPLIST_FILE = YES;
				INFOPLIST_KEY_NSHumanReadableCopyright = "";
				LD_RUNPATH_SEARCH_PATHS = (
					"$(inherited)",
					"@executable_path/../Frameworks",
				);
				MACOSX_DEPLOYMENT_TARGET = 12.0;
				MARKETING_VERSION = 1.0;
				PRODUCT_BUNDLE_IDENTIFIER = com.kamilskrzynski.CryptoTracker;
				PRODUCT_NAME = CryptoTracker;
				SDKROOT = macosx;
				SWIFT_EMIT_LOC_STRINGS = YES;
				SWIFT_VERSION = 5.0;
			};
			name = Release;
		};
/* End XCBuildConfiguration section */

/* Begin XCConfigurationList section */
		375CF9DB283D429000B80FA9 /* Build configuration list for PBXProject "CryptoTracker" */ = {
			isa = XCConfigurationList;
			buildConfigurations = (
				375CF9F3283D429200B80FA9 /* Debug */,
				375CF9F4283D429200B80FA9 /* Release */,
			);
			defaultConfigurationIsVisible = 0;
			defaultConfigurationName = Release;
		};
		375CF9F5283D429200B80FA9 /* Build configuration list for PBXNativeTarget "CryptoTracker (iOS)" */ = {
			isa = XCConfigurationList;
			buildConfigurations = (
				375CF9F6283D429200B80FA9 /* Debug */,
				375CF9F7283D429200B80FA9 /* Release */,
			);
			defaultConfigurationIsVisible = 0;
			defaultConfigurationName = Release;
		};
		375CF9F8283D429200B80FA9 /* Build configuration list for PBXNativeTarget "CryptoTracker (macOS)" */ = {
			isa = XCConfigurationList;
			buildConfigurations = (
				375CF9F9283D429200B80FA9 /* Debug */,
				375CF9FA283D429200B80FA9 /* Release */,
			);
			defaultConfigurationIsVisible = 0;
			defaultConfigurationName = Release;
		};
/* End XCConfigurationList section */
	};
	rootObject = 375CF9D8283D429000B80FA9 /* Project object */;
}
